{
  "originHash" : "2fa3c993224d1d21d05d556fdfdc976d98f2a4543670bd83e8f9d72c0d5f6f5c",
  "pins" : [
    {
      "identity" : "csqlite",
      "kind" : "remoteSourceControl",
      "location" : "https://github.com/simolus3/CSQLite.git",
      "state" : {
        "revision" : "a268235ae86718e66d6a29feef3bd22c772eb82b"
      }
    }
  ],
  "version" : 3
}
